// !$*UTF8*$!
{
	archiveVersion = 1;
	classes = {
	};
	objectVersion = 46;
	objects = {

/* Begin PBXBuildFile section */
		4E6933EF18AC2391001AB58E /* Foundation.framework in Frameworks */ = {isa = PBXBuildFile; fileRef = 4E6933EE18AC2391001AB58E /* Foundation.framework */; };
		4E6933F118AC2391001AB58E /* CoreGraphics.framework in Frameworks */ = {isa = PBXBuildFile; fileRef = 4E6933F018AC2391001AB58E /* CoreGraphics.framework */; };
		4E6933F318AC2391001AB58E /* UIKit.framework in Frameworks */ = {isa = PBXBuildFile; fileRef = 4E6933F218AC2391001AB58E /* UIKit.framework */; };
		4E6933F918AC2391001AB58E /* InfoPlist.strings in Resources */ = {isa = PBXBuildFile; fileRef = 4E6933F718AC2391001AB58E /* InfoPlist.strings */; };
		4E6933FB18AC2391001AB58E /* main.m in Sources */ = {isa = PBXBuildFile; fileRef = 4E6933FA18AC2391001AB58E /* main.m */; };
		4E6933FF18AC2391001AB58E /* TDMAppDelegate.m in Sources */ = {isa = PBXBuildFile; fileRef = 4E6933FE18AC2391001AB58E /* TDMAppDelegate.m */; };
		4E69340118AC2391001AB58E /* Images.xcassets in Resources */ = {isa = PBXBuildFile; fileRef = 4E69340018AC2391001AB58E /* Images.xcassets */; };
		4E69340818AC2391001AB58E /* XCTest.framework in Frameworks */ = {isa = PBXBuildFile; fileRef = 4E69340718AC2391001AB58E /* XCTest.framework */; };
		4E69340918AC2391001AB58E /* Foundation.framework in Frameworks */ = {isa = PBXBuildFile; fileRef = 4E6933EE18AC2391001AB58E /* Foundation.framework */; };
		4E69340A18AC2391001AB58E /* UIKit.framework in Frameworks */ = {isa = PBXBuildFile; fileRef = 4E6933F218AC2391001AB58E /* UIKit.framework */; };
		4E69341218AC2391001AB58E /* InfoPlist.strings in Resources */ = {isa = PBXBuildFile; fileRef = 4E69341018AC2391001AB58E /* InfoPlist.strings */; };
		4E69341418AC2391001AB58E /* TDMSwitchTableViewCell_ExampleTests.m in Sources */ = {isa = PBXBuildFile; fileRef = 4E69341318AC2391001AB58E /* TDMSwitchTableViewCell_ExampleTests.m */; };
		FC5F54A771FA470B98D7731C /* libPods-TDMSwitchTableViewCell Example.a in Frameworks */ = {isa = PBXBuildFile; fileRef = AC1015875F6E490186ADE118 /* libPods-TDMSwitchTableViewCell Example.a */; };
/* End PBXBuildFile section */

/* Begin PBXContainerItemProxy section */
		4E69340B18AC2391001AB58E /* PBXContainerItemProxy */ = {
			isa = PBXContainerItemProxy;
			containerPortal = 4E6933E318AC2391001AB58E /* Project object */;
			proxyType = 1;
			remoteGlobalIDString = 4E6933EA18AC2391001AB58E;
			remoteInfo = "TDMSwitchTableViewCell Example";
		};
/* End PBXContainerItemProxy section */

/* Begin PBXFileReference section */
		4E6933EB18AC2391001AB58E /* TDMSwitchTableViewCell Example.app */ = {isa = PBXFileReference; explicitFileType = wrapper.application; includeInIndex = 0; path = "TDMSwitchTableViewCell Example.app"; sourceTree = BUILT_PRODUCTS_DIR; };
		4E6933EE18AC2391001AB58E /* Foundation.framework */ = {isa = PBXFileReference; lastKnownFileType = wrapper.framework; name = Foundation.framework; path = System/Library/Frameworks/Foundation.framework; sourceTree = SDKROOT; };
		4E6933F018AC2391001AB58E /* CoreGraphics.framework */ = {isa = PBXFileReference; lastKnownFileType = wrapper.framework; name = CoreGraphics.framework; path = System/Library/Frameworks/CoreGraphics.framework; sourceTree = SDKROOT; };
		4E6933F218AC2391001AB58E /* UIKit.framework */ = {isa = PBXFileReference; lastKnownFileType = wrapper.framework; name = UIKit.framework; path = System/Library/Frameworks/UIKit.framework; sourceTree = SDKROOT; };
		4E6933F618AC2391001AB58E /* TDMSwitchTableViewCell Example-Info.plist */ = {isa = PBXFileReference; lastKnownFileType = text.plist.xml; path = "TDMSwitchTableViewCell Example-Info.plist"; sourceTree = "<group>"; };
		4E6933F818AC2391001AB58E /* en */ = {isa = PBXFileReference; lastKnownFileType = text.plist.strings; name = en; path = en.lproj/InfoPlist.strings; sourceTree = "<group>"; };
		4E6933FA18AC2391001AB58E /* main.m */ = {isa = PBXFileReference; lastKnownFileType = sourcecode.c.objc; path = main.m; sourceTree = "<group>"; };
		4E6933FC18AC2391001AB58E /* TDMSwitchTableViewCell Example-Prefix.pch */ = {isa = PBXFileReference; lastKnownFileType = sourcecode.c.h; path = "TDMSwitchTableViewCell Example-Prefix.pch"; sourceTree = "<group>"; };
		4E6933FD18AC2391001AB58E /* TDMAppDelegate.h */ = {isa = PBXFileReference; lastKnownFileType = sourcecode.c.h; path = TDMAppDelegate.h; sourceTree = "<group>"; };
		4E6933FE18AC2391001AB58E /* TDMAppDelegate.m */ = {isa = PBXFileReference; lastKnownFileType = sourcecode.c.objc; path = TDMAppDelegate.m; sourceTree = "<group>"; };
		4E69340018AC2391001AB58E /* Images.xcassets */ = {isa = PBXFileReference; lastKnownFileType = folder.assetcatalog; path = Images.xcassets; sourceTree = "<group>"; };
		4E69340618AC2391001AB58E /* TDMSwitchTableViewCell ExampleTests.xctest */ = {isa = PBXFileReference; explicitFileType = wrapper.cfbundle; includeInIndex = 0; path = "TDMSwitchTableViewCell ExampleTests.xctest"; sourceTree = BUILT_PRODUCTS_DIR; };
		4E69340718AC2391001AB58E /* XCTest.framework */ = {isa = PBXFileReference; lastKnownFileType = wrapper.framework; name = XCTest.framework; path = Library/Frameworks/XCTest.framework; sourceTree = DEVELOPER_DIR; };
		4E69340F18AC2391001AB58E /* TDMSwitchTableViewCell ExampleTests-Info.plist */ = {isa = PBXFileReference; lastKnownFileType = text.plist.xml; path = "TDMSwitchTableViewCell ExampleTests-Info.plist"; sourceTree = "<group>"; };
		4E69341118AC2391001AB58E /* en */ = {isa = PBXFileReference; lastKnownFileType = text.plist.strings; name = en; path = en.lproj/InfoPlist.strings; sourceTree = "<group>"; };
		4E69341318AC2391001AB58E /* TDMSwitchTableViewCell_ExampleTests.m */ = {isa = PBXFileReference; lastKnownFileType = sourcecode.c.objc; path = TDMSwitchTableViewCell_ExampleTests.m; sourceTree = "<group>"; };
		979D014B73E4495DA0E46C27 /* Pods-TDMSwitchTableViewCell Example.xcconfig */ = {isa = PBXFileReference; includeInIndex = 1; lastKnownFileType = text.xcconfig; name = "Pods-TDMSwitchTableViewCell Example.xcconfig"; path = "Pods/Pods-TDMSwitchTableViewCell Example.xcconfig"; sourceTree = "<group>"; };
		AC1015875F6E490186ADE118 /* libPods-TDMSwitchTableViewCell Example.a */ = {isa = PBXFileReference; explicitFileType = archive.ar; includeInIndex = 0; path = "libPods-TDMSwitchTableViewCell Example.a"; sourceTree = BUILT_PRODUCTS_DIR; };
/* End PBXFileReference section */

/* Begin PBXFrameworksBuildPhase section */
		4E6933E818AC2391001AB58E /* Frameworks */ = {
			isa = PBXFrameworksBuildPhase;
			buildActionMask = 2147483647;
			files = (
				4E6933F118AC2391001AB58E /* CoreGraphics.framework in Frameworks */,
				4E6933F318AC2391001AB58E /* UIKit.framework in Frameworks */,
				4E6933EF18AC2391001AB58E /* Foundation.framework in Frameworks */,
				FC5F54A771FA470B98D7731C /* libPods-TDMSwitchTableViewCell Example.a in Frameworks */,
			);
			runOnlyForDeploymentPostprocessing = 0;
		};
		4E69340318AC2391001AB58E /* Frameworks */ = {
			isa = PBXFrameworksBuildPhase;
			buildActionMask = 2147483647;
			files = (
				4E69340818AC2391001AB58E /* XCTest.framework in Frameworks */,
				4E69340A18AC2391001AB58E /* UIKit.framework in Frameworks */,
				4E69340918AC2391001AB58E /* Foundation.framework in Frameworks */,
			);
			runOnlyForDeploymentPostprocessing = 0;
		};
/* End PBXFrameworksBuildPhase section */

/* Begin PBXGroup section */
		4E6933E218AC2391001AB58E = {
			isa = PBXGroup;
			children = (
				4E6933F418AC2391001AB58E /* TDMSwitchTableViewCell Example */,
				4E69340D18AC2391001AB58E /* TDMSwitchTableViewCell ExampleTests */,
				4E6933ED18AC2391001AB58E /* Frameworks */,
				4E6933EC18AC2391001AB58E /* Products */,
				979D014B73E4495DA0E46C27 /* Pods-TDMSwitchTableViewCell Example.xcconfig */,
			);
			sourceTree = "<group>";
		};
		4E6933EC18AC2391001AB58E /* Products */ = {
			isa = PBXGroup;
			children = (
				4E6933EB18AC2391001AB58E /* TDMSwitchTableViewCell Example.app */,
				4E69340618AC2391001AB58E /* TDMSwitchTableViewCell ExampleTests.xctest */,
			);
			name = Products;
			sourceTree = "<group>";
		};
		4E6933ED18AC2391001AB58E /* Frameworks */ = {
			isa = PBXGroup;
			children = (
				4E6933EE18AC2391001AB58E /* Foundation.framework */,
				4E6933F018AC2391001AB58E /* CoreGraphics.framework */,
				4E6933F218AC2391001AB58E /* UIKit.framework */,
				4E69340718AC2391001AB58E /* XCTest.framework */,
				AC1015875F6E490186ADE118 /* libPods-TDMSwitchTableViewCell Example.a */,
			);
			name = Frameworks;
			sourceTree = "<group>";
		};
		4E6933F418AC2391001AB58E /* TDMSwitchTableViewCell Example */ = {
			isa = PBXGroup;
			children = (
				4E6933FD18AC2391001AB58E /* TDMAppDelegate.h */,
				4E6933FE18AC2391001AB58E /* TDMAppDelegate.m */,
				4E69340018AC2391001AB58E /* Images.xcassets */,
				4E6933F518AC2391001AB58E /* Supporting Files */,
			);
			path = "TDMSwitchTableViewCell Example";
			sourceTree = "<group>";
		};
		4E6933F518AC2391001AB58E /* Supporting Files */ = {
			isa = PBXGroup;
			children = (
				4E6933F618AC2391001AB58E /* TDMSwitchTableViewCell Example-Info.plist */,
				4E6933F718AC2391001AB58E /* InfoPlist.strings */,
				4E6933FA18AC2391001AB58E /* main.m */,
				4E6933FC18AC2391001AB58E /* TDMSwitchTableViewCell Example-Prefix.pch */,
			);
			name = "Supporting Files";
			sourceTree = "<group>";
		};
		4E69340D18AC2391001AB58E /* TDMSwitchTableViewCell ExampleTests */ = {
			isa = PBXGroup;
			children = (
				4E69341318AC2391001AB58E /* TDMSwitchTableViewCell_ExampleTests.m */,
				4E69340E18AC2391001AB58E /* Supporting Files */,
			);
			path = "TDMSwitchTableViewCell ExampleTests";
			sourceTree = "<group>";
		};
		4E69340E18AC2391001AB58E /* Supporting Files */ = {
			isa = PBXGroup;
			children = (
				4E69340F18AC2391001AB58E /* TDMSwitchTableViewCell ExampleTests-Info.plist */,
				4E69341018AC2391001AB58E /* InfoPlist.strings */,
			);
			name = "Supporting Files";
			sourceTree = "<group>";
		};
/* End PBXGroup section */

/* Begin PBXNativeTarget section */
		4E6933EA18AC2391001AB58E /* TDMSwitchTableViewCell Example */ = {
			isa = PBXNativeTarget;
			buildConfigurationList = 4E69341718AC2391001AB58E /* Build configuration list for PBXNativeTarget "TDMSwitchTableViewCell Example" */;
			buildPhases = (
				AD416D29AD5B4CDB87C3F164 /* Check Pods Manifest.lock */,
				4E6933E718AC2391001AB58E /* Sources */,
				4E6933E818AC2391001AB58E /* Frameworks */,
				4E6933E918AC2391001AB58E /* Resources */,
				9D1B15ABACC241C8A4E887F7 /* Copy Pods Resources */,
			);
			buildRules = (
			);
			dependencies = (
			);
			name = "TDMSwitchTableViewCell Example";
			productName = "TDMSwitchTableViewCell Example";
			productReference = 4E6933EB18AC2391001AB58E /* TDMSwitchTableViewCell Example.app */;
			productType = "com.apple.product-type.application";
		};
		4E69340518AC2391001AB58E /* TDMSwitchTableViewCell ExampleTests */ = {
			isa = PBXNativeTarget;
			buildConfigurationList = 4E69341A18AC2391001AB58E /* Build configuration list for PBXNativeTarget "TDMSwitchTableViewCell ExampleTests" */;
			buildPhases = (
				4E69340218AC2391001AB58E /* Sources */,
				4E69340318AC2391001AB58E /* Frameworks */,
				4E69340418AC2391001AB58E /* Resources */,
			);
			buildRules = (
			);
			dependencies = (
				4E69340C18AC2391001AB58E /* PBXTargetDependency */,
			);
			name = "TDMSwitchTableViewCell ExampleTests";
			productName = "TDMSwitchTableViewCell ExampleTests";
			productReference = 4E69340618AC2391001AB58E /* TDMSwitchTableViewCell ExampleTests.xctest */;
			productType = "com.apple.product-type.bundle.unit-test";
		};
/* End PBXNativeTarget section */

/* Begin PBXProject section */
		4E6933E318AC2391001AB58E /* Project object */ = {
			isa = PBXProject;
			attributes = {
				CLASSPREFIX = TDM;
				LastUpgradeCheck = 0500;
				ORGANIZATIONNAME = developmunk;
				TargetAttributes = {
					4E69340518AC2391001AB58E = {
						TestTargetID = 4E6933EA18AC2391001AB58E;
					};
				};
			};
			buildConfigurationList = 4E6933E618AC2391001AB58E /* Build configuration list for PBXProject "TDMSwitchTableViewCell Example" */;
			compatibilityVersion = "Xcode 3.2";
			developmentRegion = English;
			hasScannedForEncodings = 0;
			knownRegions = (
				en,
			);
			mainGroup = 4E6933E218AC2391001AB58E;
			productRefGroup = 4E6933EC18AC2391001AB58E /* Products */;
			projectDirPath = "";
			projectRoot = "";
			targets = (
				4E6933EA18AC2391001AB58E /* TDMSwitchTableViewCell Example */,
				4E69340518AC2391001AB58E /* TDMSwitchTableViewCell ExampleTests */,
			);
		};
/* End PBXProject section */

/* Begin PBXResourcesBuildPhase section */
		4E6933E918AC2391001AB58E /* Resources */ = {
			isa = PBXResourcesBuildPhase;
			buildActionMask = 2147483647;
			files = (
				4E6933F918AC2391001AB58E /* InfoPlist.strings in Resources */,
				4E69340118AC2391001AB58E /* Images.xcassets in Resources */,
			);
			runOnlyForDeploymentPostprocessing = 0;
		};
		4E69340418AC2391001AB58E /* Resources */ = {
			isa = PBXResourcesBuildPhase;
			buildActionMask = 2147483647;
			files = (
				4E69341218AC2391001AB58E /* InfoPlist.strings in Resources */,
			);
			runOnlyForDeploymentPostprocessing = 0;
		};
/* End PBXResourcesBuildPhase section */

/* Begin PBXShellScriptBuildPhase section */
		9D1B15ABACC241C8A4E887F7 /* Copy Pods Resources */ = {
			isa = PBXShellScriptBuildPhase;
			buildActionMask = 2147483647;
			files = (
			);
			inputPaths = (
			);
			name = "Copy Pods Resources";
			outputPaths = (
			);
			runOnlyForDeploymentPostprocessing = 0;
			shellPath = /bin/sh;
			shellScript = "\"${SRCROOT}/Pods/Pods-TDMSwitchTableViewCell Example-resources.sh\"\n";
			showEnvVarsInLog = 0;
		};
		AD416D29AD5B4CDB87C3F164 /* Check Pods Manifest.lock */ = {
			isa = PBXShellScriptBuildPhase;
			buildActionMask = 2147483647;
			files = (
			);
			inputPaths = (
			);
			name = "Check Pods Manifest.lock";
			outputPaths = (
			);
			runOnlyForDeploymentPostprocessing = 0;
			shellPath = /bin/sh;
			shellScript = "diff \"${PODS_ROOT}/../Podfile.lock\" \"${PODS_ROOT}/Manifest.lock\" > /dev/null\nif [[ $? != 0 ]] ; then\n    cat << EOM\nerror: The sandbox is not in sync with the Podfile.lock. Run 'pod install' or update your CocoaPods installation.\nEOM\n    exit 1\nfi\n";
			showEnvVarsInLog = 0;
		};
/* End PBXShellScriptBuildPhase section */

/* Begin PBXSourcesBuildPhase section */
		4E6933E718AC2391001AB58E /* Sources */ = {
			isa = PBXSourcesBuildPhase;
			buildActionMask = 2147483647;
			files = (
				4E6933FF18AC2391001AB58E /* TDMAppDelegate.m in Sources */,
				4E6933FB18AC2391001AB58E /* main.m in Sources */,
			);
			runOnlyForDeploymentPostprocessing = 0;
		};
		4E69340218AC2391001AB58E /* Sources */ = {
			isa = PBXSourcesBuildPhase;
			buildActionMask = 2147483647;
			files = (
				4E69341418AC2391001AB58E /* TDMSwitchTableViewCell_ExampleTests.m in Sources */,
			);
			runOnlyForDeploymentPostprocessing = 0;
		};
/* End PBXSourcesBuildPhase section */

/* Begin PBXTargetDependency section */
		4E69340C18AC2391001AB58E /* PBXTargetDependency */ = {
			isa = PBXTargetDependency;
			target = 4E6933EA18AC2391001AB58E /* TDMSwitchTableViewCell Example */;
			targetProxy = 4E69340B18AC2391001AB58E /* PBXContainerItemProxy */;
		};
/* End PBXTargetDependency section */

/* Begin PBXVariantGroup section */
		4E6933F718AC2391001AB58E /* InfoPlist.strings */ = {
			isa = PBXVariantGroup;
			children = (
				4E6933F818AC2391001AB58E /* en */,
			);
			name = InfoPlist.strings;
			sourceTree = "<group>";
		};
		4E69341018AC2391001AB58E /* InfoPlist.strings */ = {
			isa = PBXVariantGroup;
			children = (
				4E69341118AC2391001AB58E /* en */,
			);
			name = InfoPlist.strings;
			sourceTree = "<group>";
		};
/* End PBXVariantGroup section */

/* Begin XCBuildConfiguration section */
		4E69341518AC2391001AB58E /* Debug */ = {
			isa = XCBuildConfiguration;
			buildSettings = {
				ALWAYS_SEARCH_USER_PATHS = NO;
				ARCHS = "$(ARCHS_STANDARD_INCLUDING_64_BIT)";
				CLANG_CXX_LANGUAGE_STANDARD = "gnu++0x";
				CLANG_CXX_LIBRARY = "libc++";
				CLANG_ENABLE_MODULES = YES;
				CLANG_ENABLE_OBJC_ARC = YES;
				CLANG_WARN_BOOL_CONVERSION = YES;
				CLANG_WARN_CONSTANT_CONVERSION = YES;
				CLANG_WARN_DIRECT_OBJC_ISA_USAGE = YES_ERROR;
				CLANG_WARN_EMPTY_BODY = YES;
				CLANG_WARN_ENUM_CONVERSION = YES;
				CLANG_WARN_INT_CONVERSION = YES;
				CLANG_WARN_OBJC_ROOT_CLASS = YES_ERROR;
				CLANG_WARN__DUPLICATE_METHOD_MATCH = YES;
				"CODE_SIGN_IDENTITY[sdk=iphoneos*]" = "iPhone Developer";
				COPY_PHASE_STRIP = NO;
				GCC_C_LANGUAGE_STANDARD = gnu99;
				GCC_DYNAMIC_NO_PIC = NO;
				GCC_OPTIMIZATION_LEVEL = 0;
				GCC_PREPROCESSOR_DEFINITIONS = (
					"DEBUG=1",
					"$(inherited)",
				);
				GCC_SYMBOLS_PRIVATE_EXTERN = NO;
				GCC_WARN_64_TO_32_BIT_CONVERSION = YES;
				GCC_WARN_ABOUT_RETURN_TYPE = YES_ERROR;
				GCC_WARN_UNDECLARED_SELECTOR = YES;
				GCC_WARN_UNINITIALIZED_AUTOS = YES;
				GCC_WARN_UNUSED_FUNCTION = YES;
				GCC_WARN_UNUSED_VARIABLE = YES;
				IPHONEOS_DEPLOYMENT_TARGET = 7.0;
				ONLY_ACTIVE_ARCH = YES;
				SDKROOT = iphoneos;
				TARGETED_DEVICE_FAMILY = "1,2";
				WARNING_CFLAGS = "-Wall";
			};
			name = Debug;
		};
		4E69341618AC2391001AB58E /* Release */ = {
			isa = XCBuildConfiguration;
			buildSettings = {
				ALWAYS_SEARCH_USER_PATHS = NO;
				ARCHS = "$(ARCHS_STANDARD_INCLUDING_64_BIT)";
				CLANG_CXX_LANGUAGE_STANDARD = "gnu++0x";
				CLANG_CXX_LIBRARY = "libc++";
				CLANG_ENABLE_MODULES = YES;
				CLANG_ENABLE_OBJC_ARC = YES;
				CLANG_WARN_BOOL_CONVERSION = YES;
				CLANG_WARN_CONSTANT_CONVERSION = YES;
				CLANG_WARN_DIRECT_OBJC_ISA_USAGE = YES_ERROR;
				CLANG_WARN_EMPTY_BODY = YES;
				CLANG_WARN_ENUM_CONVERSION = YES;
				CLANG_WARN_INT_CONVERSION = YES;
				CLANG_WARN_OBJC_ROOT_CLASS = YES_ERROR;
				CLANG_WARN__DUPLICATE_METHOD_MATCH = YES;
				"CODE_SIGN_IDENTITY[sdk=iphoneos*]" = "iPhone Developer";
				COPY_PHASE_STRIP = YES;
				ENABLE_NS_ASSERTIONS = NO;
				GCC_C_LANGUAGE_STANDARD = gnu99;
				GCC_WARN_64_TO_32_BIT_CONVERSION = YES;
				GCC_WARN_ABOUT_RETURN_TYPE = YES_ERROR;
				GCC_WARN_UNDECLARED_SELECTOR = YES;
				GCC_WARN_UNINITIALIZED_AUTOS = YES;
				GCC_WARN_UNUSED_FUNCTION = YES;
				GCC_WARN_UNUSED_VARIABLE = YES;
				IPHONEOS_DEPLOYMENT_TARGET = 7.0;
				SDKROOT = iphoneos;
				TARGETED_DEVICE_FAMILY = "1,2";
				VALIDATE_PRODUCT = YES;
				WARNING_CFLAGS = "-Wall";
			};
			name = Release;
		};
		4E69341818AC2391001AB58E /* Debug */ = {
			isa = XCBuildConfiguration;
			baseConfigurationReference = 979D014B73E4495DA0E46C27 /* Pods-TDMSwitchTableViewCell Example.xcconfig */;
			buildSettings = {
				ASSETCATALOG_COMPILER_APPICON_NAME = AppIcon;
				ASSETCATALOG_COMPILER_LAUNCHIMAGE_NAME = LaunchImage;
				GCC_PRECOMPILE_PREFIX_HEADER = YES;
				GCC_PREFIX_HEADER = "TDMSwitchTableViewCell Example/TDMSwitchTableViewCell Example-Prefix.pch";
				INFOPLIST_FILE = "TDMSwitchTableViewCell Example/TDMSwitchTableViewCell Example-Info.plist";
				PRODUCT_NAME = "$(TARGET_NAME)";
				WRAPPER_EXTENSION = app;
			};
			name = Debug;
		};
		4E69341918AC2391001AB58E /* Release */ = {
			isa = XCBuildConfiguration;
			baseConfigurationReference = 979D014B73E4495DA0E46C27 /* Pods-TDMSwitchTableViewCell Example.xcconfig */;
			buildSettings = {
				ASSETCATALOG_COMPILER_APPICON_NAME = AppIcon;
				ASSETCATALOG_COMPILER_LAUNCHIMAGE_NAME = LaunchImage;
				GCC_PRECOMPILE_PREFIX_HEADER = YES;
				GCC_PREFIX_HEADER = "TDMSwitchTableViewCell Example/TDMSwitchTableViewCell Example-Prefix.pch";
				INFOPLIST_FILE = "TDMSwitchTableViewCell Example/TDMSwitchTableViewCell Example-Info.plist";
				PRODUCT_NAME = "$(TARGET_NAME)";
				WRAPPER_EXTENSION = app;
			};
			name = Release;
		};
		4E69341B18AC2391001AB58E /* Debug */ = {
			isa = XCBuildConfiguration;
			buildSettings = {
				ARCHS = "$(ARCHS_STANDARD_INCLUDING_64_BIT)";
				BUNDLE_LOADER = "$(BUILT_PRODUCTS_DIR)/TDMSwitchTableViewCell Example.app/TDMSwitchTableViewCell Example";
				FRAMEWORK_SEARCH_PATHS = (
					"$(SDKROOT)/Developer/Library/Frameworks",
					"$(inherited)",
					"$(DEVELOPER_FRAMEWORKS_DIR)",
				);
				GCC_PRECOMPILE_PREFIX_HEADER = YES;
				GCC_PREFIX_HEADER = "TDMSwitchTableViewCell Example/TDMSwitchTableViewCell Example-Prefix.pch";
				GCC_PREPROCESSOR_DEFINITIONS = (
					"DEBUG=1",
					"$(inherited)",
				);
				INFOPLIST_FILE = "TDMSwitchTableViewCell ExampleTests/TDMSwitchTableViewCell ExampleTests-Info.plist";
				PRODUCT_NAME = "$(TARGET_NAME)";
				TEST_HOST = "$(BUNDLE_LOADER)";
				WRAPPER_EXTENSION = xctest;
			};
			name = Debug;
		};
		4E69341C18AC2391001AB58E /* Release */ = {
			isa = XCBuildConfiguration;
			buildSettings = {
				ARCHS = "$(ARCHS_STANDARD_INCLUDING_64_BIT)";
				BUNDLE_LOADER = "$(BUILT_PRODUCTS_DIR)/TDMSwitchTableViewCell Example.app/TDMSwitchTableViewCell Example";
				FRAMEWORK_SEARCH_PATHS = (
					"$(SDKROOT)/Developer/Library/Frameworks",
					"$(inherited)",
					"$(DEVELOPER_FRAMEWORKS_DIR)",
				);
				GCC_PRECOMPILE_PREFIX_HEADER = YES;
				GCC_PREFIX_HEADER = "TDMSwitchTableViewCell Example/TDMSwitchTableViewCell Example-Prefix.pch";
				INFOPLIST_FILE = "TDMSwitchTableViewCell ExampleTests/TDMSwitchTableViewCell ExampleTests-Info.plist";
				PRODUCT_NAME = "$(TARGET_NAME)";
				TEST_HOST = "$(BUNDLE_LOADER)";
				WRAPPER_EXTENSION = xctest;
			};
			name = Release;
		};
/* End XCBuildConfiguration section */

/* Begin XCConfigurationList section */
		4E6933E618AC2391001AB58E /* Build configuration list for PBXProject "TDMSwitchTableViewCell Example" */ = {
			isa = XCConfigurationList;
			buildConfigurations = (
				4E69341518AC2391001AB58E /* Debug */,
				4E69341618AC2391001AB58E /* Release */,
			);
			defaultConfigurationIsVisible = 0;
			defaultConfigurationName = Release;
		};
		4E69341718AC2391001AB58E /* Build configuration list for PBXNativeTarget "TDMSwitchTableViewCell Example" */ = {
			isa = XCConfigurationList;
			buildConfigurations = (
				4E69341818AC2391001AB58E /* Debug */,
				4E69341918AC2391001AB58E /* Release */,
			);
			defaultConfigurationIsVisible = 0;
			defaultConfigurationName = Release;
		};
		4E69341A18AC2391001AB58E /* Build configuration list for PBXNativeTarget "TDMSwitchTableViewCell ExampleTests" */ = {
			isa = XCConfigurationList;
			buildConfigurations = (
				4E69341B18AC2391001AB58E /* Debug */,
				4E69341C18AC2391001AB58E /* Release */,
			);
			defaultConfigurationIsVisible = 0;
			defaultConfigurationName = Release;
		};
/* End XCConfigurationList section */
	};
	rootObject = 4E6933E318AC2391001AB58E /* Project object */;
}
